// !$*UTF8*$!
{
	archiveVersion = 1;
	classes = {
	};
	objectVersion = 55;
	objects = {

/* Begin PBXBuildFile section */
		7F23E1012C12D3A1009DF8C9 /* AppDelegate.swift in Sources */ = {isa = PBXBuildFile; fileRef = 7F23E1002C12D3A1009DF8C9 /* AppDelegate.swift */; };
		7F23E1032C12D3A2009DF8C9 /* SceneDelegate.swift in Sources */ = {isa = PBXBuildFile; fileRef = 7F23E1022C12D3A2009DF8C9 /* SceneDelegate.swift */; };
		7F23E1052C12D3A3009DF8C9 /* ViewController.swift in Sources */ = {isa = PBXBuildFile; fileRef = 7F23E1042C12D3A3009DF8C9 /* ViewController.swift */; };
		7F23E1112C12D3A0009DF8A1 /* WelcomeViewController.swift in Sources */ = {isa = PBXBuildFile; fileRef = 7F23E1102C12D3A0009DF8A1 /* WelcomeViewController.swift */; };
		7F23E1132C12D3A0009DF8A2 /* AgregarProd_Controller.swift in Sources */ = {isa = PBXBuildFile; fileRef = 7F23E1122C12D3A0009DF8A2 /* AgregarProd_Controller.swift */; };
		7F23E1152C12D3A0009DF8A3 /* DetalleProd_Controller.swift in Sources */ = {isa = PBXBuildFile; fileRef = 7F23E1142C12D3A0009DF8A3 /* DetalleProd_Controller.swift */; };
		7F23E1172C12D3A0009DF8A4 /* EditProd_Controller.swift in Sources */ = {isa = PBXBuildFile; fileRef = 7F23E1162C12D3A0009DF8A4 /* EditProd_Controller.swift */; };
		7F23E1082C12D3A5009DF8C9 /* Main.storyboard in Resources */ = {isa = PBXBuildFile; fileRef = 7F23E1062C12D3A5009DF8C9 /* Main.storyboard */; };
		7F23E10B2C12D3A7009DF8C9 /* LaunchScreen.storyboard in Resources */ = {isa = PBXBuildFile; fileRef = 7F23E1092C12D3A7009DF8C9 /* LaunchScreen.storyboard */; };
		7F23E10E2C12D3A9009DF8C9 /* ProductoCRUD.xcdatamodeld in Sources */ = {isa = PBXBuildFile; fileRef = 7F23E10C2C12D3A9009DF8C9 /* ProductoCRUD.xcdatamodeld */; };
/* End PBXBuildFile section */

/* Begin PBXFileReference section */
		7F23DFFF2C12D3A0009DF8C9 /* ProductoCRUD.app */ = {isa = PBXFileReference; explicitFileType = wrapper.application; includeInIndex = 0; path = ProductoCRUD.app; sourceTree = BUILT_PRODUCTS_DIR; };
		7F23E1002C12D3A1009DF8C9 /* AppDelegate.swift */ = {isa = PBXFileReference; lastKnownFileType = sourcecode.swift; path = AppDelegate.swift; sourceTree = "<group>"; };
		7F23E1022C12D3A2009DF8C9 /* SceneDelegate.swift */ = {isa = PBXFileReference; lastKnownFileType = sourcecode.swift; path = SceneDelegate.swift; sourceTree = "<group>"; };
		7F23E1042C12D3A3009DF8C9 /* ViewController.swift */ = {isa = PBXFileReference; lastKnownFileType = sourcecode.swift; path = ViewController.swift; sourceTree = "<group>"; };
		7F23E1102C12D3A0009DF8A1 /* WelcomeViewController.swift */ = {isa = PBXFileReference; lastKnownFileType = sourcecode.swift; path = WelcomeViewController.swift; sourceTree = "<group>"; };
		7F23E1122C12D3A0009DF8A2 /* AgregarProd_Controller.swift */ = {isa = PBXFileReference; lastKnownFileType = sourcecode.swift; path = AgregarProd_Controller.swift; sourceTree = "<group>"; };
		7F23E1142C12D3A0009DF8A3 /* DetalleProd_Controller.swift */ = {isa = PBXFileReference; lastKnownFileType = sourcecode.swift; path = DetalleProd_Controller.swift; sourceTree = "<group>"; };
		7F23E1162C12D3A0009DF8A4 /* EditProd_Controller.swift */ = {isa = PBXFileReference; lastKnownFileType = sourcecode.swift; path = EditProd_Controller.swift; sourceTree = "<group>"; };
		7F23E1072C12D3A5009DF8C9 /* Base */ = {isa = PBXFileReference; lastKnownFileType = file.storyboard; name = Base; path = Base.lproj/Main.storyboard; sourceTree = "<group>"; };
		7F23E10A2C12D3A7009DF8C9 /* Base */ = {isa = PBXFileReference; lastKnownFileType = file.storyboard; name = Base; path = Base.lproj/LaunchScreen.storyboard; sourceTree = "<group>"; };
		7F23E10D2C12D3A9009DF8C9 /* ProductoCRUD.xcdatamodel */ = {isa = PBXFileReference; lastKnownFileType = wrapper.xcdatamodel; path = ProductoCRUD.xcdatamodel; sourceTree = "<group>"; };
		7F23E10F2C12D3AA009DF8C9 /* Info.plist */ = {isa = PBXFileReference; lastKnownFileType = text.plist.xml; path = Info.plist; sourceTree = "<group>"; };
/* End PBXFileReference section */

/* Begin PBXFrameworksBuildPhase section */
		7F23DFFC2C12D3A0009DF8C9 /* Frameworks */ = {
			isa = PBXFrameworksBuildPhase;
			buildActionMask = 2147483647;
			files = (
			);
			runOnlyForDeploymentPostprocessing = 0;
		};
/* End PBXFrameworksBuildPhase section */

/* Begin PBXGroup section */
		7F23DFF62C12D3A0009DF8C9 = {
			isa = PBXGroup;
			children = (
				7F23E0012C12D3A0009DF8C9 /* ProductoCRUD */,
				7F23DFFF2C12D3A0009DF8C9 /* ProductoCRUD.app */,
				7F23DFFE2C12D3A0009DF8C9 /* Products */,
			);
			sourceTree = "<group>";
		};
		7F23DFFE2C12D3A0009DF8C9 /* Products */ = {
			isa = PBXGroup;
			children = (
				7F23DFFF2C12D3A0009DF8C9 /* ProductoCRUD.app */,
			);
			name = Products;
			sourceTree = "<group>";
		};
		7F23E0012C12D3A0009DF8C9 /* ProductoCRUD */ = {
			isa = PBXGroup;
			children = (
				7F23E1002C12D3A1009DF8C9 /* AppDelegate.swift */,
				7F23E1022C12D3A2009DF8C9 /* SceneDelegate.swift */,
				7F23E1042C12D3A3009DF8C9 /* ViewController.swift */,
				7F23E1102C12D3A0009DF8A1 /* WelcomeViewController.swift */,
				7F23E1122C12D3A0009DF8A2 /* AgregarProd_Controller.swift */,
				7F23E1142C12D3A0009DF8A3 /* DetalleProd_Controller.swift */,
				7F23E1162C12D3A0009DF8A4 /* EditProd_Controller.swift */,
				7F23E1062C12D3A5009DF8C9 /* Main.storyboard */,
				7F23E1092C12D3A7009DF8C9 /* LaunchScreen.storyboard */,
				7F23E10C2C12D3A9009DF8C9 /* ProductoCRUD.xcdatamodeld */,
				7F23E10F2C12D3AA009DF8C9 /* Info.plist */,
			);
			path = ProductoCRUD;
			sourceTree = "<group>";
		};
/* End PBXGroup section */

/* Begin PBXNativeTarget section */
		7F23DFFE2C12D3A0009DF8C8 /* ProductoCRUD */ = {
			isa = PBXNativeTarget;
			buildConfigurationList = 7F23E0052C12D3A0009DF8C9 /* Build configuration list for PBXNativeTarget "ProductoCRUD" */;
			buildPhases = (
				7F23DFFB2C12D3A0009DF8C9 /* Sources */,
				7F23DFFC2C12D3A0009DF8C9 /* Frameworks */,
				7F23DFFD2C12D3A0009DF8C9 /* Resources */,
			);
			buildRules = (
			);
			dependencies = (
			);
			name = ProductoCRUD;
			productName = ProductoCRUD;
			productReference = 7F23DFFF2C12D3A0009DF8C9 /* ProductoCRUD.app */;
			productType = "com.apple.product-type.application";
		};
/* End PBXNativeTarget section */

/* Begin PBXProject section */
		7F23DFF72C12D3A0009DF8C9 /* Project object */ = {
			isa = PBXProject;
			attributes = {
				LastSwiftUpdateCheck = 1300;
				LastUpgradeCheck = 1300;
				TargetAttributes = {
					7F23DFFE2C12D3A0009DF8C8 = {
						CreatedOnToolsVersion = 13.0;
					};
				};
			};
			buildConfigurationList = 7F23DFFA2C12D3A0009DF8C9 /* Build configuration list for PBXProject "ProductoCRUD" */;
			compatibilityVersion = "Xcode 13.0";
			developmentRegion = es;
			hasScannedForEncodings = 0;
			knownRegions = (
				es,
				Base,
			);
			mainGroup = 7F23DFF62C12D3A0009DF8C9;
			productRefGroup = 7F23DFFE2C12D3A0009DF8C9 /* Products */;
			projectDirPath = "";
			projectRoot = "";
			targets = (
				7F23DFFE2C12D3A0009DF8C8 /* ProductoCRUD */,
			);
		};
/* End PBXProject section */

/* Begin PBXResourcesBuildPhase section */
		7F23DFFD2C12D3A0009DF8C9 /* Resources */ = {
			isa = PBXResourcesBuildPhase;
			buildActionMask = 2147483647;
			files = (
				7F23E10B2C12D3A7009DF8C9 /* LaunchScreen.storyboard in Resources */,
				7F23E1082C12D3A5009DF8C9 /* Main.storyboard in Resources */,
			);
			runOnlyForDeploymentPostprocessing = 0;
		};
/* End PBXResourcesBuildPhase section */

/* Begin PBXSourcesBuildPhase section */
		7F23DFFB2C12D3A0009DF8C9 /* Sources */ = {
			isa = PBXSourcesBuildPhase;
			buildActionMask = 2147483647;
			files = (
				7F23E1052C12D3A3009DF8C9 /* ViewController.swift in Sources */,
				7F23E1112C12D3A0009DF8A1 /* WelcomeViewController.swift in Sources */,
				7F23E1132C12D3A0009DF8A2 /* AgregarProd_Controller.swift in Sources */,
				7F23E1152C12D3A0009DF8A3 /* DetalleProd_Controller.swift in Sources */,
				7F23E1172C12D3A0009DF8A4 /* EditProd_Controller.swift in Sources */,
				7F23E10E2C12D3A9009DF8C9 /* ProductoCRUD.xcdatamodeld in Sources */,
				7F23E1012C12D3A1009DF8C9 /* AppDelegate.swift in Sources */,
				7F23E1032C12D3A2009DF8C9 /* SceneDelegate.swift in Sources */,
			);
			runOnlyForDeploymentPostprocessing = 0;
		};
/* End PBXSourcesBuildPhase section */

/* Begin PBXVariantGroup section */
		7F23E1062C12D3A5009DF8C9 /* Main.storyboard */ = {
			isa = PBXVariantGroup;
			children = (
				7F23E1072C12D3A5009DF8C9 /* Base */,
			);
			name = Main.storyboard;
			sourceTree = "<group>";
		};
		7F23E1092C12D3A7009DF8C9 /* LaunchScreen.storyboard */ = {
			isa = PBXVariantGroup;
			children = (
				7F23E10A2C12D3A7009DF8C9 /* Base */,
			);
			name = LaunchScreen.storyboard;
			sourceTree = "<group>";
		};
/* End PBXVariantGroup section */

/* Begin XCBuildConfiguration section */
		7F23E0022C12D3A0009DF8C9 /* Debug */ = {
			isa = XCBuildConfiguration;
			buildSettings = {
				ALWAYS_SEARCH_USER_PATHS = NO;
				CLANG_ANALYZER_NONNULL = YES;
				CLANG_ANALYZER_NUMBER_OBJECT_CONVERSION = YES_AGGRESSIVE;
				CLANG_CXX_LANGUAGE_STANDARD = "gnu++17";
				CLANG_CXX_LIBRARY = "libc++";
				CLANG_ENABLE_MODULES = YES;
				CLANG_ENABLE_OBJC_ARC = YES;
				CLANG_ENABLE_OBJC_WEAK = YES;
				CLANG_WARN_BLOCK_CAPTURE_AUTORELEASING = YES;
				CLANG_WARN_BOOL_CONVERSION = YES;
				CLANG_WARN_COMMA = YES;
				CLANG_WARN_CONSTANT_CONVERSION = YES;
				CLANG_WARN_DEPRECATED_OBJC_IMPLEMENTATIONS = YES;
				CLANG_WARN_DIRECT_OBJC_REPRODUCIBLE_ACTIONS = YES;
				CLANG_WARN_DOCUMENTATION_COMMENTS = YES;
				CLANG_WARN_EMPTY_BODY = YES;
				CLANG_WARN_ENUM_CONVERSION = YES;
				CLANG_WARN_INFINITE_RECURSION = YES;
				CLANG_WARN_INT_CONVERSION = YES;
				CLANG_WARN_NON_LITERAL_NULL_CONVERSION = YES;
				CLANG_WARN_OBJC_IMPLICIT_RETAIN_SELF = YES;
				CLANG_WARN_OBJC_LITERAL_CONVERSION = YES;
				CLANG_WARN_OBJC_ROOT_CLASS = YES_ERROR;
				CLANG_WARN_QUOTED_INCLUDE_IN_FRAMEWORK_HEADER = YES;
				CLANG_WARN_RANGE_LOOP_ANALYSIS = YES;
				CLANG_WARN_STRICT_PROTOTYPES = YES;
				CLANG_WARN_SUSPICIOUS_MOVE = YES;
				CLANG_WARN_UNGUARDED_AVAILABILITY = YES_AGGRESSIVE;
				CLANG_WARN_UNREACHABLE_CODE = YES;
				COPY_PHASE_STRIP = NO;
				DEBUG_INFORMATION_FORMAT = dwarf;
				ENABLE_STRICT_OBJC_MSGSEND = YES;
				ENABLE_TESTABILITY = YES;
				GCC_C_LANGUAGE_STANDARD = gnu11;
				GCC_DYNAMIC_NO_PIC = NO;
				GCC_NO_COMMON_BLOCKS = YES;
				GCC_OPTIMIZATION_LEVEL = 0;
				GCC_PREPROCESSOR_DEFINITIONS = (
					"DEBUG=1",
					"$(inherited)",
				);
				GCC_WARN_64_TO_32_BIT_CONVERSION = YES;
				GCC_WARN_ABOUT_RETURN_TYPE = YES_ERROR;
				GCC_WARN_UNDECLARED_SELECTOR = YES;
				GCC_WARN_UNINITIALIZED_ACTUAL = YES_AGGRESSIVE;
				GCC_WARN_UNUSED_FUNCTION = YES;
				GCC_WARN_UNUSED_VARIABLE = YES;
				IPHONEOS_DEPLOYMENT_TARGET = 15.0;
				MTL_ENABLE_DEBUG_INFO = INCLUDE_SOURCE;
				MTL_FAST_MATH = YES;
				ONLY_ACTIVE_ARCH = YES;
				SDKROOT = iphoneos;
				SWIFT_ACTIVE_COMPILATION_CONDITIONS = DEBUG;
				SWIFT_OPTIMIZATION_LEVEL = "-Onone";
			};
			name = Debug;
		};
		7F23E0032C12D3A0009DF8C9 /* Release */ = {
			isa = XCBuildConfiguration;
			buildSettings = {
				ALWAYS_SEARCH_USER_PATHS = NO;
				CLANG_ANALYZER_NONNULL = YES;
				CLANG_ANALYZER_NUMBER_OBJECT_CONVERSION = YES_AGGRESSIVE;
				CLANG_CXX_LANGUAGE_STANDARD = "gnu++17";
				CLANG_CXX_LIBRARY = "libc++";
				CLANG_ENABLE_MODULES = YES;
				CLANG_ENABLE_OBJC_ARC = YES;
				CLANG_ENABLE_OBJC_WEAK = YES;
				CLANG_WARN_BLOCK_CAPTURE_AUTORELEASING = YES;
				CLANG_WARN_BOOL_CONVERSION = YES;
				CLANG_WARN_COMMA = YES;
				CLANG_WARN_CONSTANT_CONVERSION = YES;
				CLANG_WARN_DEPRECATED_OBJC_IMPLEMENTATIONS = YES;
				CLANG_WARN_DIRECT_OBJC_REPRODUCIBLE_ACTIONS = YES;
				CLANG_WARN_DOCUMENTATION_COMMENTS = YES;
				CLANG_WARN_EMPTY_BODY = YES;
				CLANG_WARN_ENUM_CONVERSION = YES;
				CLANG_WARN_INFINITE_RECURSION = YES;
				CLANG_WARN_INT_CONVERSION = YES;
				CLANG_WARN_NON_LITERAL_NULL_CONVERSION = YES;
				CLANG_WARN_OBJC_IMPLICIT_RETAIN_SELF = YES;
				CLANG_WARN_OBJC_LITERAL_CONVERSION = YES;
				CLANG_WARN_OBJC_ROOT_CLASS = YES_ERROR;
				CLANG_WARN_QUOTED_INCLUDE_IN_FRAMEWORK_HEADER = YES;
				CLANG_WARN_RANGE_LOOP_ANALYSIS = YES;
				CLANG_WARN_STRICT_PROTOTYPES = YES;
				CLANG_WARN_SUSPICIOUS_MOVE = YES;
				CLANG_WARN_UNGUARDED_AVAILABILITY = YES_AGGRESSIVE;
				CLANG_WARN_UNREACHABLE_CODE = YES;
				COPY_PHASE_STRIP = NO;
				DEBUG_INFORMATION_FORMAT = "dwarf-with-dsym";
				ENABLE_NS_ASSERTIONS = NO;
				ENABLE_STRICT_OBJC_MSGSEND = YES;
				GCC_C_LANGUAGE_STANDARD = gnu11;
				GCC_NO_COMMON_BLOCKS = YES;
				GCC_WARN_64_TO_32_BIT_CONVERSION = YES;
				GCC_WARN_ABOUT_RETURN_TYPE = YES_ERROR;
				GCC_WARN_UNDECLARED_SELECTOR = YES;
				GCC_WARN_UNINITIALIZED_ACTUAL = YES_AGGRESSIVE;
				GCC_WARN_UNUSED_FUNCTION = YES;
				GCC_WARN_UNUSED_VARIABLE = YES;
				IPHONEOS_DEPLOYMENT_TARGET = 15.0;
				MTL_ENABLE_DEBUG_INFO = NO;
				MTL_FAST_MATH = YES;
				SDKROOT = iphoneos;
				SWIFT_COMPILATION_MODE = wholemodule;
				SWIFT_OPTIMIZATION_LEVEL = "-O";
			};
			name = Release;
		};
		7F23E0062C12D3A0009DF8C9 /* Debug */ = {
			isa = XCBuildConfiguration;
			buildSettings = {
				ASSETCATALOG_COMPILER_APPICON_NAME = AppIcon;
				ASSETCATALOG_COMPILER_GLOBAL_ACCENT_COLOR_NAME = AccentColor;
				CODE_SIGN_STYLE = Automatic;
				CURRENT_PROJECT_VERSION = 1;
				DEVELOPMENT_TEAM = "";
				GENERATE_INFOPLIST_FILE = NO;
				INFOPLIST_FILE = ProductoCRUD/Info.plist;
				LD_RUNPATH_SEARCH_PATHS = (
					"$(inherited)",
					"@executable_path/Frameworks",
				);
				MARKETING_VERSION = 1.0;
				PRODUCT_BUNDLE_IDENTIFIER = com.tecsup.ProductoCRUD;
				PRODUCT_NAME = "$(TARGET_NAME)";
				SWIFT_EMIT_LOC_STRINGS = YES;
				SWIFT_VERSION = 5.0;
				TARGETED_DEVICE_FAMILY = "1,2";
			};
			name = Debug;
		};
		7F23E0072C12D3A0009DF8C9 /* Release */ = {
			isa = XCBuildConfiguration;
			buildSettings = {
				ASSETCATALOG_COMPILER_APPICON_NAME = AppIcon;
				ASSETCATALOG_COMPILER_GLOBAL_ACCENT_COLOR_NAME = AccentColor;
				CODE_SIGN_STYLE = Automatic;
				CURRENT_PROJECT_VERSION = 1;
				DEVELOPMENT_TEAM = "";
				GENERATE_INFOPLIST_FILE = NO;
				INFOPLIST_FILE = ProductoCRUD/Info.plist;
				LD_RUNPATH_SEARCH_PATHS = (
					"$(inherited)",
					"@executable_path/Frameworks",
				);
				MARKETING_VERSION = 1.0;
				PRODUCT_BUNDLE_IDENTIFIER = com.tecsup.ProductoCRUD;
				PRODUCT_NAME = "$(TARGET_NAME)";
				SWIFT_EMIT_LOC_STRINGS = YES;
				SWIFT_VERSION = 5.0;
				TARGETED_DEVICE_FAMILY = "1,2";
			};
			name = Release;
		};
/* End XCBuildConfiguration section */

/* Begin XCVersionGroup section */
		7F23E10C2C12D3A9009DF8C9 /* ProductoCRUD.xcdatamodeld */ = {
			isa = XCVersionGroup;
			children = (
				7F23E10D2C12D3A9009DF8C9 /* ProductoCRUD.xcdatamodel */,
			);
			currentVersion = 7F23E10D2C12D3A9009DF8C9 /* ProductoCRUD.xcdatamodel */;
			name = ProductoCRUD.xcdatamodeld;
			path = ProductoCRUD.xcdatamodeld;
			sourceTree = "<group>";
			versionGroupType = wrapper.xcdatamodeld;
		};
/* End XCVersionGroup section */

/* Begin XCConfigurationList section */
		7F23DFFA2C12D3A0009DF8C9 /* Build configuration list for PBXProject "ProductoCRUD" */ = {
			isa = XCConfigurationList;
			buildConfigurations = (
				7F23E0022C12D3A0009DF8C9 /* Debug */,
				7F23E0032C12D3A0009DF8C9 /* Release */,
			);
			defaultConfigurationIsVisible = 0;
			defaultConfigurationName = Release;
		};
		7F23E0052C12D3A0009DF8C9 /* Build configuration list for PBXNativeTarget "ProductoCRUD" */ = {
			isa = XCConfigurationList;
			buildConfigurations = (
				7F23E0062C12D3A0009DF8C9 /* Debug */,
				7F23E0072C12D3A0009DF8C9 /* Release */,
			);
			defaultConfigurationIsVisible = 0;
			defaultConfigurationName = Release;
		};
/* End XCConfigurationList section */
	};
	rootObject = 7F23DFF72C12D3A0009DF8C9 /* Project object */;
}
